<?xml version="1.0" encoding="utf-8"?>
<Project ToolsVersion="4.0" xmlns="http://schemas.microsoft.com/developer/msbuild/2003">
  <ItemGroup>
    <Filter Include="Math">
      <UniqueIdentifier>{4FC737F1-C7A5-4376-A066-2A32D752A2FF}</UniqueIdentifier>
      <Extensions>cpp;c;cc;cxx;def;odl;idl;hpj;bat;asm;asmx</Extensions>
    </Filter>
    <Filter Include="Renderer">
      <UniqueIdentifier>{ddb17eba-e15e-4597-8bf6-064b16b159d3}</UniqueIdentifier>
    </Filter>
    <Filter Include="Helpers">
      <UniqueIdentifier>{72056cb6-72a2-42b7-b05e-376f1ddd957e}</UniqueIdentifier>
    </Filter>
    <Filter Include="Effects">
      <UniqueIdentifier>{4816e7a6-e6d3-4903-8f53-c66b93450480}</UniqueIdentifier>
    </Filter>
    <Filter Include="Meshes">
      <UniqueIdentifier>{41475dcb-76f1-43c9-8f72-2211c94608f9}</UniqueIdentifier>
    </Filter>
    <Filter Include="Camera">
      <UniqueIdentifier>{b952a9dd-cbda-48fb-b38e-7d8e7e30c579}</UniqueIdentifier>
    </Filter>
    <Filter Include="Input">
      <UniqueIdentifier>{eb05cd6b-495f-4b39-b629-206006775ebe}</UniqueIdentifier>
    </Filter>
    <Filter Include="Scenegraph">
      <UniqueIdentifier>{0258ba11-b9b8-4ace-bd0d-bdc825d4107b}</UniqueIdentifier>
    </Filter>
    <Filter Include="Scenegraph\Scenes">
      <UniqueIdentifier>{ec3707bb-6501-42f5-9787-3768c7ef4731}</UniqueIdentifier>
    </Filter>
    <Filter Include="Parser">
      <UniqueIdentifier>{d8bbb700-1f75-4ec7-a30d-a4f69be65dcd}</UniqueIdentifier>
    </Filter>
    <Filter Include="Material">
      <UniqueIdentifier>{ad322798-6260-4566-845a-ae6f4a373414}</UniqueIdentifier>
    </Filter>
    <Filter Include="Texture">
      <UniqueIdentifier>{a296e07f-9b52-494c-a11d-fe7d85c3b031}</UniqueIdentifier>
    </Filter>
    <Filter Include="Lights">
      <UniqueIdentifier>{0f2cbdc0-bace-4612-8293-29876fc3d6ea}</UniqueIdentifier>
    </Filter>
  </ItemGroup>
  <ItemGroup>
    <ClInclude Include="EMath.h">
      <Filter>Math</Filter>
    </ClInclude>
    <ClInclude Include="EMathUtilities.h">
      <Filter>Math</Filter>
    </ClInclude>
    <ClInclude Include="EMatrix.h">
      <Filter>Math</Filter>
    </ClInclude>
    <ClInclude Include="EMatrix2.h">
      <Filter>Math</Filter>
    </ClInclude>
    <ClInclude Include="EMatrix3.h">
      <Filter>Math</Filter>
    </ClInclude>
    <ClInclude Include="EMatrix4.h">
      <Filter>Math</Filter>
    </ClInclude>
    <ClInclude Include="EPoint.h">
      <Filter>Math</Filter>
    </ClInclude>
    <ClInclude Include="EPoint2.h">
      <Filter>Math</Filter>
    </ClInclude>
    <ClInclude Include="EPoint3.h">
      <Filter>Math</Filter>
    </ClInclude>
    <ClInclude Include="EPoint4.h">
      <Filter>Math</Filter>
    </ClInclude>
    <ClInclude Include="EVector.h">
      <Filter>Math</Filter>
    </ClInclude>
    <ClInclude Include="EVector2.h">
      <Filter>Math</Filter>
    </ClInclude>
    <ClInclude Include="EVector3.h">
      <Filter>Math</Filter>
    </ClInclude>
    <ClInclude Include="EVector4.h">
      <Filter>Math</Filter>
    </ClInclude>
    <ClInclude Include="ERenderer.h">
      <Filter>Renderer</Filter>
    </ClInclude>
    <ClInclude Include="ERGBColor.h">
      <Filter>Helpers</Filter>
    </ClInclude>
    <ClInclude Include="ETimer.h">
      <Filter>Helpers</Filter>
    </ClInclude>
    <ClInclude Include="pch.h" />
    <ClInclude Include="Effect.h">
      <Filter>Effects</Filter>
    </ClInclude>
    <ClInclude Include="Structs.h">
      <Filter>Helpers</Filter>
    </ClInclude>
    <ClInclude Include="TriangleMesh.h">
      <Filter>Meshes</Filter>
    </ClInclude>
    <ClInclude Include="Camera.h">
      <Filter>Camera</Filter>
    </ClInclude>
    <ClInclude Include="InputManager.h">
      <Filter>Input</Filter>
    </ClInclude>
    <ClInclude Include="MainScene.h">
      <Filter>Scenegraph\Scenes</Filter>
    </ClInclude>
    <ClInclude Include="Scene.h">
      <Filter>Scenegraph</Filter>
    </ClInclude>
    <ClInclude Include="ObjParser.h">
      <Filter>Parser</Filter>
    </ClInclude>
    <ClInclude Include="SceneManager.h">
      <Filter>Scenegraph</Filter>
    </ClInclude>
    <ClInclude Include="Material.h">
      <Filter>Material</Filter>
    </ClInclude>
    <ClInclude Include="CombustionEffect.h">
      <Filter>Effects</Filter>
    </ClInclude>
    <ClInclude Include="LambertPhongEffect.h">
      <Filter>Effects</Filter>
    </ClInclude>
    <ClInclude Include="Texture.h">
      <Filter>Texture</Filter>
    </ClInclude>
    <ClInclude Include="MaterialManager.h">
      <Filter>Material</Filter>
    </ClInclude>
    <ClInclude Include="LightManager.h">
      <Filter>Lights</Filter>
    </ClInclude>
    <ClInclude Include="Light.h">
      <Filter>Lights</Filter>
    </ClInclude>
    <ClInclude Include="DirectionalLight.h">
      <Filter>Lights</Filter>
    </ClInclude>
    <ClInclude Include="BRDF.h">
      <Filter>Helpers</Filter>
    </ClInclude>
    <ClInclude Include="Triangle.h">
      <Filter>Meshes</Filter>
    </ClInclude>
    <ClInclude Include="CustomScene.h">
      <Filter>Scenegraph\Scenes</Filter>
    </ClInclude>
    <ClInclude Include="LambertCookTorranceEffect.h">
      <Filter>Effects</Filter>
    </ClInclude>
  </ItemGroup>
  <ItemGroup>
    <ClCompile Include="ERenderer.cpp">
      <Filter>Renderer</Filter>
    </ClCompile>
    <ClCompile Include="main.cpp" />
    <ClCompile Include="ETimer.cpp">
      <Filter>Helpers</Filter>
    </ClCompile>
    <ClCompile Include="pch.cpp" />
    <ClCompile Include="Effect.cpp">
      <Filter>Effects</Filter>
    </ClCompile>
    <ClCompile Include="TriangleMesh.cpp">
      <Filter>Meshes</Filter>
    </ClCompile>
    <ClCompile Include="Camera.cpp">
      <Filter>Camera</Filter>
    </ClCompile>
    <ClCompile Include="InputManager.cpp">
      <Filter>Input</Filter>
    </ClCompile>
    <ClCompile Include="MainScene.cpp">
      <Filter>Scenegraph\Scenes</Filter>
    </ClCompile>
    <ClCompile Include="Scene.cpp">
      <Filter>Scenegraph</Filter>
    </ClCompile>
    <ClCompile Include="ObjParser.cpp">
      <Filter>Parser</Filter>
    </ClCompile>
    <ClCompile Include="SceneManager.cpp">
      <Filter>Scenegraph</Filter>
    </ClCompile>
    <ClCompile Include="Material.cpp">
      <Filter>Material</Filter>
    </ClCompile>
    <ClCompile Include="CombustionEffect.cpp">
      <Filter>Effects</Filter>
    </ClCompile>
    <ClCompile Include="LambertPhongEffect.cpp">
      <Filter>Effects</Filter>
    </ClCompile>
    <ClCompile Include="Texture.cpp">
      <Filter>Texture</Filter>
    </ClCompile>
    <ClCompile Include="MaterialManager.cpp">
      <Filter>Material</Filter>
    </ClCompile>
    <ClCompile Include="LightManager.cpp">
      <Filter>Lights</Filter>
    </ClCompile>
    <ClCompile Include="Light.cpp">
      <Filter>Lights</Filter>
    </ClCompile>
    <ClCompile Include="DirectionalLight.cpp">
      <Filter>Lights</Filter>
    </ClCompile>
    <ClCompile Include="BRDF.cpp">
      <Filter>Helpers</Filter>
    </ClCompile>
    <ClCompile Include="Triangle.cpp">
      <Filter>Meshes</Filter>
    </ClCompile>
    <ClCompile Include="CustomScene.cpp">
      <Filter>Scenegraph\Scenes</Filter>
    </ClCompile>
    <ClCompile Include="LambertCookTorranceEffect.cpp">
      <Filter>Effects</Filter>
    </ClCompile>
  </ItemGroup>
</Project>